
Microsoft Visual Studio Solution File, Format Version 12.00
# Visual Studio Version 17
VisualStudioVersion = 17.11.35327.3
MinimumVisualStudioVersion = 10.0.40219.1
Project("{FAE04EC0-301F-11D3-BF4B-00C04F79EFBC}") = "MDK.02.02 ПР1 Мамедханова", "MDK.02.02 ПР1 Мамедханова\MDK.02.02 ПР1 Мамедханова.csproj", "{51E92D17-351A-4F56-B80F-4F89214C7D5C}"
EndProject
Global
	GlobalSection(SolutionConfigurationPlatforms) = preSolution
		Debug|Any CPU = Debug|Any CPU
		Release|Any CPU = Release|Any CPU
	EndGlobalSection
	GlobalSection(ProjectConfigurationPlatforms) = postSolution
		{51E92D17-351A-4F56-B80F-4F89214C7D5C}.Debug|Any CPU.ActiveCfg = Debug|Any CPU
		{51E92D17-351A-4F56-B80F-4F89214C7D5C}.Debug|Any CPU.Build.0 = Debug|Any CPU
		{51E92D17-351A-4F56-B80F-4F89214C7D5C}.Release|Any CPU.ActiveCfg = Release|Any CPU
		{51E92D17-351A-4F56-B80F-4F89214C7D5C}.Release|Any CPU.Build.0 = Release|Any CPU
	EndGlobalSection
	GlobalSection(SolutionProperties) = preSolution
		HideSolutionNode = FALSE
	EndGlobalSection
	GlobalSection(ExtensibilityGlobals) = postSolution
		SolutionGuid = {9170BE8A-4D54-4D90-B8FD-0C4F7F142536}
	EndGlobalSection
EndGlobal
